{
  "name": "preact-bundle",
  "version": "1.0.0",
  "lockfileVersion": 2,
  "requires": true,
  "packages": {
    "": {
      "name": "preact-bundle",
      "version": "1.0.0",
      "dependencies": {
        "esbuild": "^0.14.0",
        "htm": "^3.1.0",
        "preact": "^10.6.2",
        "preact-render-to-string": "^5.1.19",
        "undom": "^0.4.0"
      }
    },
    "node_modules/esbuild": {
      "version": "0.14.0",
      "resolved": "https://registry.npmjs.org/esbuild/-/esbuild-0.14.0.tgz",
      "integrity": "sha512-UOnSKRAyZondxdLrOXnI/mesUmU/GvDTcajCvxoIaObzMeQcn0HyoGtvbfATnazlx799ZqFSyIZGLXFszkjy3A==",
      "hasInstallScript": true,
      "dependencies": {
        "esbuild-android-arm64": "0.14.0",
        "esbuild-darwin-64": "0.14.0",
        "esbuild-darwin-arm64": "0.14.0",
        "esbuild-freebsd-64": "0.14.0",
        "esbuild-freebsd-arm64": "0.14.0",
        "esbuild-linux-32": "0.14.0",
        "esbuild-linux-64": "0.14.0",
        "esbuild-linux-arm": "0.14.0",
        "esbuild-linux-arm64": "0.14.0",
        "esbuild-linux-mips64le": "0.14.0",
        "esbuild-linux-ppc64le": "0.14.0",
        "esbuild-netbsd-64": "0.14.0",
        "esbuild-openbsd-64": "0.14.0",
        "esbuild-sunos-64": "0.14.0",
        "esbuild-windows-32": "0.14.0",
        "esbuild-windows-64": "0.14.0",
        "esbuild-windows-arm64": "0.14.0"
      },
      "bin": {
        "esbuild": "bin/esbuild"
      },
      "optionalDependencies": {
        "esbuild-android-arm64": "0.14.0",
        "esbuild-darwin-64": "0.14.0",
        "esbuild-darwin-arm64": "0.14.0",
        "esbuild-freebsd-64": "0.14.0",
        "esbuild-freebsd-arm64": "0.14.0",
        "esbuild-linux-32": "0.14.0",
        "esbuild-linux-64": "0.14.0",
        "esbuild-linux-arm": "0.14.0",
        "esbuild-linux-arm64": "0.14.0",
        "esbuild-linux-mips64le": "0.14.0",
        "esbuild-linux-ppc64le": "0.14.0",
        "esbuild-netbsd-64": "0.14.0",
        "esbuild-openbsd-64": "0.14.0",
        "esbuild-sunos-64": "0.14.0",
        "esbuild-windows-32": "0.14.0",
        "esbuild-windows-64": "0.14.0",
        "esbuild-windows-arm64": "0.14.0"
      }
    },
    "node_modules/esbuild-android-arm64": {
      "version": "0.14.0",
      "resolved": "https://registry.npmjs.org/esbuild-android-arm64/-/esbuild-android-arm64-0.14.0.tgz",
      "integrity": "sha512-X7BjFiRRNfxPNg1aT5zw4xK1vbvX2IvDPcEp4bv0CEXgR39UzuOMUsQoG92aZgj8JGs8jxQAZc8k9dVJ1WL2BA==",
      "cpu": [
        "arm64"
      ],
      "optional": true,
      "os": [
        "android"
      ]
    },
    "node_modules/esbuild-darwin-64": {
      "version": "0.14.0",
      "resolved": "https://registry.npmjs.org/esbuild-darwin-64/-/esbuild-darwin-64-0.14.0.tgz",
      "integrity": "sha512-43vtt407jMp1kEXiaY0dEIGjOREax9F1+qMI0+F9tJyr06EHAofnbLL6cTmLgdPy/pMhltSvOJ8EddJrrOBgpQ==",
      "cpu": [
        "x64"
      ],
      "optional": true,
      "os": [
        "darwin"
      ]
    },
    "node_modules/esbuild-darwin-arm64": {
      "version": "0.14.0",
      "resolved": "https://registry.npmjs.org/esbuild-darwin-arm64/-/esbuild-darwin-arm64-0.14.0.tgz",
      "integrity": "sha512-hMbT5YiBrFL763mnwR9BqNtq9XtJgJRxYs7Ad++KUd+ZhMoVE0Rs/YLe1oor9uBGhHLqQsZuJ2dUHjCsfT/iDg==",
      "cpu": [
        "arm64"
      ],
      "optional": true,
      "os": [
        "darwin"
      ]
    },
    "node_modules/esbuild-freebsd-64": {
      "version": "0.14.0",
      "resolved": "https://registry.npmjs.org/esbuild-freebsd-64/-/esbuild-freebsd-64-0.14.0.tgz",
      "integrity": "sha512-mx68HRYIZo6ZiHbWk5Md+mDJoDw779yWkJQAaBnXwOkGbDeA3JmPZjp6IPfy2P+n3emK9z6g4pKiebp1tQGVoQ==",
      "cpu": [
        "x64"
      ],
      "optional": true,
      "os": [
        "freebsd"
      ]
    },
    "node_modules/esbuild-freebsd-arm64": {
      "version": "0.14.0",
      "resolved": "https://registry.npmjs.org/esbuild-freebsd-arm64/-/esbuild-freebsd-arm64-0.14.0.tgz",
      "integrity": "sha512-iM8u+zTagh0WGn2FTTxi7DII/ycVzYyuf2Df6eP2ZX+vlx2FjaduhagRkpyhjfmEyhfJOrYSAR5R1biNPcA+VA==",
      "cpu": [
        "arm64"
      ],
      "optional": true,
      "os": [
        "freebsd"
      ]
    },
    "node_modules/esbuild-linux-32": {
      "version": "0.14.0",
      "resolved": "https://registry.npmjs.org/esbuild-linux-32/-/esbuild-linux-32-0.14.0.tgz",
      "integrity": "sha512-dWHotI2qlXWZyza7n85UubBj0asjpM7FTtQYDaRQKxoCJpCnSzq3aD55IJthiggZHXj2tAML9Bc5xjVLsBJR0w==",
      "cpu": [
        "ia32"
      ],
      "optional": true,
      "os": [
        "linux"
      ]
    },
    "node_modules/esbuild-linux-64": {
      "version": "0.14.0",
      "resolved": "https://registry.npmjs.org/esbuild-linux-64/-/esbuild-linux-64-0.14.0.tgz",
      "integrity": "sha512-7buo31kp1/yKWPm9vU44FEUwkeIROrIgnCDV9KLMLSbOjGEHBZXYJ2L0p4ZnB7Z+m5YiW7F/AfJu0/1E87nOeQ==",
      "cpu": [
        "x64"
      ],
      "optional": true,
      "os": [
        "linux"
      ]
    },
    "node_modules/esbuild-linux-arm": {
      "version": "0.14.0",
      "resolved": "https://registry.npmjs.org/esbuild-linux-arm/-/esbuild-linux-arm-0.14.0.tgz",
      "integrity": "sha512-fgybXQwPRT4Io01+aD+yphcLOLRVGqbSdhvaDK3qBwqUvspFsq4QkI7PeeYpuQdBZWiRKLoi9v5r90l7JO/s+g==",
      "cpu": [
        "arm"
      ],
      "optional": true,
      "os": [
        "linux"
      ]
    },
    "node_modules/esbuild-linux-arm64": {
      "version": "0.14.0",
      "resolved": "https://registry.npmjs.org/esbuild-linux-arm64/-/esbuild-linux-arm64-0.14.0.tgz",
      "integrity": "sha512-9LBtCH2RkhDBwoAYksTtXljN6hlxxoL6a3ymNfXJG9JxFUQddOfhajXZdObFn/hgGkAFwx8dXqw+FnPm0FCzSg==",
      "cpu": [
        "arm64"
      ],
      "optional": true,
      "os": [
        "linux"
      ]
    },
    "node_modules/esbuild-linux-mips64le": {
      "version": "0.14.0",
      "resolved": "https://registry.npmjs.org/esbuild-linux-mips64le/-/esbuild-linux-mips64le-0.14.0.tgz",
      "integrity": "sha512-Xz7soOqWeCWcLp15biPM08To+s0k1E/2q0pQZNQ+SY9S5H2vU4ujDXqKjxFc24G9CrOeUNEOXTkh+JldBGbTCA==",
      "cpu": [
        "mips64el"
      ],
      "optional": true,
      "os": [
        "linux"
      ]
    },
    "node_modules/esbuild-linux-ppc64le": {
      "version": "0.14.0",
      "resolved": "https://registry.npmjs.org/esbuild-linux-ppc64le/-/esbuild-linux-ppc64le-0.14.0.tgz",
      "integrity": "sha512-fuBXTyUaZKxpmp43Nf0M1uI1OmZv/COcME9PG7NQ/EniwC680Xj5xQFhEBDVnvQQ+6xOnXdfPSojJq7gQxrORQ==",
      "cpu": [
        "ppc64"
      ],
      "optional": true,
      "os": [
        "linux"
      ]
    },
    "node_modules/esbuild-netbsd-64": {
      "version": "0.14.0",
      "resolved": "https://registry.npmjs.org/esbuild-netbsd-64/-/esbuild-netbsd-64-0.14.0.tgz",
      "integrity": "sha512-pQaECTKr/iCXtn1qjwih+cvoZzbZ+P3NwLQo4uo/IesklbPTR5eF4d85L1vPFVgff+itBMxbbB7aoRznSglN3A==",
      "cpu": [
        "x64"
      ],
      "optional": true,
      "os": [
        "netbsd"
      ]
    },
    "node_modules/esbuild-openbsd-64": {
      "version": "0.14.0",
      "resolved": "https://registry.npmjs.org/esbuild-openbsd-64/-/esbuild-openbsd-64-0.14.0.tgz",
      "integrity": "sha512-HiaqQX9HMb9u3eYvKZ86+m/paQwASJSIjXiRTFpFusypjtU2NJqWb/LiRvhfmwC6rb7YHwCSPx+juSM7M+20bA==",
      "cpu": [
        "x64"
      ],
      "optional": true,
      "os": [
        "openbsd"
      ]
    },
    "node_modules/esbuild-sunos-64": {
      "version": "0.14.0",
      "resolved": "https://registry.npmjs.org/esbuild-sunos-64/-/esbuild-sunos-64-0.14.0.tgz",
      "integrity": "sha512-TkMQOSiSU3fHLV3M+OKUgLZt5L7TpcBcMRvtFw1cTxAnX8eT+1qkWVLiDM8ow1C3P7PW3bkGY3LW8vOs8o/jBA==",
      "cpu": [
        "x64"
      ],
      "optional": true,
      "os": [
        "sunos"
      ]
    },
    "node_modules/esbuild-windows-32": {
      "version": "0.14.0",
      "resolved": "https://registry.npmjs.org/esbuild-windows-32/-/esbuild-windows-32-0.14.0.tgz",
      "integrity": "sha512-0h7E50JHgyLd7TkqSIH0VzBhngWspxPHuq/crDAMnh4s4tW8zWCMLIz2c1HVwHfZsh7d5+C4/yBaQeJTHXGvIA==",
      "cpu": [
        "ia32"
      ],
      "optional": true,
      "os": [
        "win32"
      ]
    },
    "node_modules/esbuild-windows-64": {
      "version": "0.14.0",
      "resolved": "https://registry.npmjs.org/esbuild-windows-64/-/esbuild-windows-64-0.14.0.tgz",
      "integrity": "sha512-RxnovPOoQS5Id4mbdIUm96L0GIg+ZME4FthbErw1kZZabLi9eLp1gR3vSwkZXKbK8Z76uDkSW0EN74i1XWVpiQ==",
      "cpu": [
        "x64"
      ],
      "optional": true,
      "os": [
        "win32"
      ]
    },
    "node_modules/esbuild-windows-arm64": {
      "version": "0.14.0",
      "resolved": "https://registry.npmjs.org/esbuild-windows-arm64/-/esbuild-windows-arm64-0.14.0.tgz",
      "integrity": "sha512-66KsVlT6lGDWgDKQsAlojxgUhZkkjVeosMVRdb913OwtcOjszceg6zFD748jzp9CUgAseHCNJqFmYOyBzneSEQ==",
      "cpu": [
        "arm64"
      ],
      "optional": true,
      "os": [
        "win32"
      ]
    },
    "node_modules/htm": {
      "version": "3.1.0",
      "resolved": "https://registry.npmjs.org/htm/-/htm-3.1.0.tgz",
      "integrity": "sha512-L0s3Sid5r6YwrEvkig14SK3Emmc+kIjlfLhEGn2Vy3bk21JyDEes4MoDsbJk6luaPp8bugErnxPz86ZuAw6e5Q=="
    },
    "node_modules/preact": {
      "version": "10.6.2",
      "resolved": "https://registry.npmjs.org/preact/-/preact-10.6.2.tgz",
      "integrity": "sha512-ppDjurt75nSxyikpyali+uKwRl8CK9N6ntOPovGIEGQagjMLVzEgVqFEsUUyUrqyE9Ch90KE0jmFc9q2QcPLBA==",
      "funding": {
        "type": "opencollective",
        "url": "https://opencollective.com/preact"
      }
    },
    "node_modules/preact-render-to-string": {
      "version": "5.1.19",
      "resolved": "https://registry.npmjs.org/preact-render-to-string/-/preact-render-to-string-5.1.19.tgz",
      "integrity": "sha512-bj8sn/oytIKO6RtOGSS/1+5CrQyRSC99eLUnEVbqUa6MzJX5dYh7wu9bmT0d6lm/Vea21k9KhCQwvr2sYN3rrQ==",
      "dependencies": {
        "pretty-format": "^3.8.0"
      },
      "peerDependencies": {
        "preact": ">=10"
      }
    },
    "node_modules/pretty-format": {
      "version": "3.8.0",
      "resolved": "https://registry.npmjs.org/pretty-format/-/pretty-format-3.8.0.tgz",
      "integrity": "sha1-v77VbV6ad2ZF9LH/eqGjrE+jw4U="
    },
    "node_modules/undom": {
      "version": "0.4.0",
      "resolved": "https://registry.npmjs.org/undom/-/undom-0.4.0.tgz",
      "integrity": "sha512-8azrUL2oaprTIKl//+dbx9BMDt3kW1TyBfRpYdemK1zBJe63AUu6O28nzv/Fx1maJAtkwlD8a6312MqomDYFOg=="
    }
  },
  "dependencies": {
    "esbuild": {
      "version": "0.14.0",
      "resolved": "https://registry.npmjs.org/esbuild/-/esbuild-0.14.0.tgz",
      "integrity": "sha512-UOnSKRAyZondxdLrOXnI/mesUmU/GvDTcajCvxoIaObzMeQcn0HyoGtvbfATnazlx799ZqFSyIZGLXFszkjy3A==",
      "requires": {
        "esbuild-android-arm64": "0.14.0",
        "esbuild-darwin-64": "0.14.0",
        "esbuild-darwin-arm64": "0.14.0",
        "esbuild-freebsd-64": "0.14.0",
        "esbuild-freebsd-arm64": "0.14.0",
        "esbuild-linux-32": "0.14.0",
        "esbuild-linux-64": "0.14.0",
        "esbuild-linux-arm": "0.14.0",
        "esbuild-linux-arm64": "0.14.0",
        "esbuild-linux-mips64le": "0.14.0",
        "esbuild-linux-ppc64le": "0.14.0",
        "esbuild-netbsd-64": "0.14.0",
        "esbuild-openbsd-64": "0.14.0",
        "esbuild-sunos-64": "0.14.0",
        "esbuild-windows-32": "0.14.0",
        "esbuild-windows-64": "0.14.0",
        "esbuild-windows-arm64": "0.14.0"
      }
    },
    "esbuild-android-arm64": {
      "version": "0.14.0",
      "resolved": "https://registry.npmjs.org/esbuild-android-arm64/-/esbuild-android-arm64-0.14.0.tgz",
      "integrity": "sha512-X7BjFiRRNfxPNg1aT5zw4xK1vbvX2IvDPcEp4bv0CEXgR39UzuOMUsQoG92aZgj8JGs8jxQAZc8k9dVJ1WL2BA==",
      "optional": true
    },
    "esbuild-darwin-64": {
      "version": "0.14.0",
      "resolved": "https://registry.npmjs.org/esbuild-darwin-64/-/esbuild-darwin-64-0.14.0.tgz",
      "integrity": "sha512-43vtt407jMp1kEXiaY0dEIGjOREax9F1+qMI0+F9tJyr06EHAofnbLL6cTmLgdPy/pMhltSvOJ8EddJrrOBgpQ==",
      "optional": true
    },
    "esbuild-darwin-arm64": {
      "version": "0.14.0",
      "resolved": "https://registry.npmjs.org/esbuild-darwin-arm64/-/esbuild-darwin-arm64-0.14.0.tgz",
      "integrity": "sha512-hMbT5YiBrFL763mnwR9BqNtq9XtJgJRxYs7Ad++KUd+ZhMoVE0Rs/YLe1oor9uBGhHLqQsZuJ2dUHjCsfT/iDg==",
      "optional": true
    },
    "esbuild-freebsd-64": {
      "version": "0.14.0",
      "resolved": "https://registry.npmjs.org/esbuild-freebsd-64/-/esbuild-freebsd-64-0.14.0.tgz",
      "integrity": "sha512-mx68HRYIZo6ZiHbWk5Md+mDJoDw779yWkJQAaBnXwOkGbDeA3JmPZjp6IPfy2P+n3emK9z6g4pKiebp1tQGVoQ==",
      "optional": true
    },
    "esbuild-freebsd-arm64": {
      "version": "0.14.0",
      "resolved": "https://registry.npmjs.org/esbuild-freebsd-arm64/-/esbuild-freebsd-arm64-0.14.0.tgz",
      "integrity": "sha512-iM8u+zTagh0WGn2FTTxi7DII/ycVzYyuf2Df6eP2ZX+vlx2FjaduhagRkpyhjfmEyhfJOrYSAR5R1biNPcA+VA==",
      "optional": true
    },
    "esbuild-linux-32": {
      "version": "0.14.0",
      "resolved": "https://registry.npmjs.org/esbuild-linux-32/-/esbuild-linux-32-0.14.0.tgz",
      "integrity": "sha512-dWHotI2qlXWZyza7n85UubBj0asjpM7FTtQYDaRQKxoCJpCnSzq3aD55IJthiggZHXj2tAML9Bc5xjVLsBJR0w==",
      "optional": true
    },
    "esbuild-linux-64": {
      "version": "0.14.0",
      "resolved": "https://registry.npmjs.org/esbuild-linux-64/-/esbuild-linux-64-0.14.0.tgz",
      "integrity": "sha512-7buo31kp1/yKWPm9vU44FEUwkeIROrIgnCDV9KLMLSbOjGEHBZXYJ2L0p4ZnB7Z+m5YiW7F/AfJu0/1E87nOeQ==",
      "optional": true
    },
    "esbuild-linux-arm": {
      "version": "0.14.0",
      "resolved": "https://registry.npmjs.org/esbuild-linux-arm/-/esbuild-linux-arm-0.14.0.tgz",
      "integrity": "sha512-fgybXQwPRT4Io01+aD+yphcLOLRVGqbSdhvaDK3qBwqUvspFsq4QkI7PeeYpuQdBZWiRKLoi9v5r90l7JO/s+g==",
      "optional": true
    },
    "esbuild-linux-arm64": {
      "version": "0.14.0",
      "resolved": "https://registry.npmjs.org/esbuild-linux-arm64/-/esbuild-linux-arm64-0.14.0.tgz",
      "integrity": "sha512-9LBtCH2RkhDBwoAYksTtXljN6hlxxoL6a3ymNfXJG9JxFUQddOfhajXZdObFn/hgGkAFwx8dXqw+FnPm0FCzSg==",
      "optional": true
    },
    "esbuild-linux-mips64le": {
      "version": "0.14.0",
      "resolved": "https://registry.npmjs.org/esbuild-linux-mips64le/-/esbuild-linux-mips64le-0.14.0.tgz",
      "integrity": "sha512-Xz7soOqWeCWcLp15biPM08To+s0k1E/2q0pQZNQ+SY9S5H2vU4ujDXqKjxFc24G9CrOeUNEOXTkh+JldBGbTCA==",
      "optional": true
    },
    "esbuild-linux-ppc64le": {
      "version": "0.14.0",
      "resolved": "https://registry.npmjs.org/esbuild-linux-ppc64le/-/esbuild-linux-ppc64le-0.14.0.tgz",
      "integrity": "sha512-fuBXTyUaZKxpmp43Nf0M1uI1OmZv/COcME9PG7NQ/EniwC680Xj5xQFhEBDVnvQQ+6xOnXdfPSojJq7gQxrORQ==",
      "optional": true
    },
    "esbuild-netbsd-64": {
      "version": "0.14.0",
      "resolved": "https://registry.npmjs.org/esbuild-netbsd-64/-/esbuild-netbsd-64-0.14.0.tgz",
      "integrity": "sha512-pQaECTKr/iCXtn1qjwih+cvoZzbZ+P3NwLQo4uo/IesklbPTR5eF4d85L1vPFVgff+itBMxbbB7aoRznSglN3A==",
      "optional": true
    },
    "esbuild-openbsd-64": {
      "version": "0.14.0",
      "resolved": "https://registry.npmjs.org/esbuild-openbsd-64/-/esbuild-openbsd-64-0.14.0.tgz",
      "integrity": "sha512-HiaqQX9HMb9u3eYvKZ86+m/paQwASJSIjXiRTFpFusypjtU2NJqWb/LiRvhfmwC6rb7YHwCSPx+juSM7M+20bA==",
      "optional": true
    },
    "esbuild-sunos-64": {
      "version": "0.14.0",
      "resolved": "https://registry.npmjs.org/esbuild-sunos-64/-/esbuild-sunos-64-0.14.0.tgz",
      "integrity": "sha512-TkMQOSiSU3fHLV3M+OKUgLZt5L7TpcBcMRvtFw1cTxAnX8eT+1qkWVLiDM8ow1C3P7PW3bkGY3LW8vOs8o/jBA==",
      "optional": true
    },
    "esbuild-windows-32": {
      "version": "0.14.0",
      "resolved": "https://registry.npmjs.org/esbuild-windows-32/-/esbuild-windows-32-0.14.0.tgz",
      "integrity": "sha512-0h7E50JHgyLd7TkqSIH0VzBhngWspxPHuq/crDAMnh4s4tW8zWCMLIz2c1HVwHfZsh7d5+C4/yBaQeJTHXGvIA==",
      "optional": true
    },
    "esbuild-windows-64": {
      "version": "0.14.0",
      "resolved": "https://registry.npmjs.org/esbuild-windows-64/-/esbuild-windows-64-0.14.0.tgz",
      "integrity": "sha512-RxnovPOoQS5Id4mbdIUm96L0GIg+ZME4FthbErw1kZZabLi9eLp1gR3vSwkZXKbK8Z76uDkSW0EN74i1XWVpiQ==",
      "optional": true
    },
    "esbuild-windows-arm64": {
      "version": "0.14.0",
      "resolved": "https://registry.npmjs.org/esbuild-windows-arm64/-/esbuild-windows-arm64-0.14.0.tgz",
      "integrity": "sha512-66KsVlT6lGDWgDKQsAlojxgUhZkkjVeosMVRdb913OwtcOjszceg6zFD748jzp9CUgAseHCNJqFmYOyBzneSEQ==",
      "optional": true
    },
    "htm": {
      "version": "3.1.0",
      "resolved": "https://registry.npmjs.org/htm/-/htm-3.1.0.tgz",
      "integrity": "sha512-L0s3Sid5r6YwrEvkig14SK3Emmc+kIjlfLhEGn2Vy3bk21JyDEes4MoDsbJk6luaPp8bugErnxPz86ZuAw6e5Q=="
    },
    "preact": {
      "version": "10.6.2",
      "resolved": "https://registry.npmjs.org/preact/-/preact-10.6.2.tgz",
      "integrity": "sha512-ppDjurt75nSxyikpyali+uKwRl8CK9N6ntOPovGIEGQagjMLVzEgVqFEsUUyUrqyE9Ch90KE0jmFc9q2QcPLBA=="
    },
    "preact-render-to-string": {
      "version": "5.1.19",
      "resolved": "https://registry.npmjs.org/preact-render-to-string/-/preact-render-to-string-5.1.19.tgz",
      "integrity": "sha512-bj8sn/oytIKO6RtOGSS/1+5CrQyRSC99eLUnEVbqUa6MzJX5dYh7wu9bmT0d6lm/Vea21k9KhCQwvr2sYN3rrQ==",
      "requires": {
        "pretty-format": "^3.8.0"
      }
    },
    "pretty-format": {
      "version": "3.8.0",
      "resolved": "https://registry.npmjs.org/pretty-format/-/pretty-format-3.8.0.tgz",
      "integrity": "sha1-v77VbV6ad2ZF9LH/eqGjrE+jw4U="
    },
    "undom": {
      "version": "0.4.0",
      "resolved": "https://registry.npmjs.org/undom/-/undom-0.4.0.tgz",
      "integrity": "sha512-8azrUL2oaprTIKl//+dbx9BMDt3kW1TyBfRpYdemK1zBJe63AUu6O28nzv/Fx1maJAtkwlD8a6312MqomDYFOg=="
    }
  }
}
